{
  "name": "newSite",
  "version": "1.0.0",
  "lockfileVersion": 1,
  "requires": true,
  "dependencies": {
    "sass-mq-build": {
      "version": "1.0.0",
      "resolved": "https://registry.npmjs.org/sass-mq-build/-/sass-mq-build-1.0.0.tgz",
      "integrity": "sha1-SYWKxgGn8USTqwTxdsUBv+ILCQs="
    }
  }
}
